Microsoft Visual Studio Solution File, Format Version 12.00
# Visual Studio 2012
Project("{FAE04EC0-301F-11D3-BF4B-00C04F79EFBC}") = "ProceduralGenBlocks", "ProceduralGenBlocks.csproj", "{B898FFD5-4E16-43AC-B50C-D53C4BF4B6CF}"
EndProject
Global
	GlobalSection(SolutionConfigurationPlatforms) = preSolution
	Debug|Any CPU = Debug|Any CPU
	ExportDebug|Any CPU = ExportDebug|Any CPU
	ExportRelease|Any CPU = ExportRelease|Any CPU
	EndGlobalSection
	GlobalSection(ProjectConfigurationPlatforms) = postSolution
		{B898FFD5-4E16-43AC-B50C-D53C4BF4B6CF}.Debug|Any CPU.ActiveCfg = Debug|Any CPU
		{B898FFD5-4E16-43AC-B50C-D53C4BF4B6CF}.Debug|Any CPU.Build.0 = Debug|Any CPU
		{B898FFD5-4E16-43AC-B50C-D53C4BF4B6CF}.ExportDebug|Any CPU.ActiveCfg = ExportDebug|Any CPU
		{B898FFD5-4E16-43AC-B50C-D53C4BF4B6CF}.ExportDebug|Any CPU.Build.0 = ExportDebug|Any CPU
		{B898FFD5-4E16-43AC-B50C-D53C4BF4B6CF}.ExportRelease|Any CPU.ActiveCfg = ExportRelease|Any CPU
		{B898FFD5-4E16-43AC-B50C-D53C4BF4B6CF}.ExportRelease|Any CPU.Build.0 = ExportRelease|Any CPU
	EndGlobalSection
EndGlobal
